
Microsoft Visual Studio Solution File, Format Version 12.00
# Visual Studio Version 16
VisualStudioVersion = 16.0.29509.3
MinimumVisualStudioVersion = 10.0.40219.1
Project("{FAE04EC0-301F-11D3-BF4B-00C04F79EFBC}") = "SmartphoneInformations", "SmartphoneInformations\SmartphoneInformations.csproj", "{33F9858A-584D-4EBE-8B9E-912320DA41D7}"
EndProject
Global
	GlobalSection(SolutionConfigurationPlatforms) = preSolution
		Debug|Any CPU = Debug|Any CPU
		Release|Any CPU = Release|Any CPU
	EndGlobalSection
	GlobalSection(ProjectConfigurationPlatforms) = postSolution
		{33F9858A-584D-4EBE-8B9E-912320DA41D7}.Debug|Any CPU.ActiveCfg = Debug|Any CPU
		{33F9858A-584D-4EBE-8B9E-912320DA41D7}.Debug|Any CPU.Build.0 = Debug|Any CPU
		{33F9858A-584D-4EBE-8B9E-912320DA41D7}.Release|Any CPU.ActiveCfg = Release|Any CPU
		{33F9858A-584D-4EBE-8B9E-912320DA41D7}.Release|Any CPU.Build.0 = Release|Any CPU
	EndGlobalSection
	GlobalSection(SolutionProperties) = preSolution
		HideSolutionNode = FALSE
	EndGlobalSection
	GlobalSection(ExtensibilityGlobals) = postSolution
		SolutionGuid = {3BD94BA1-9A58-43F3-B330-6FEC807C07AD}
	EndGlobalSection
EndGlobal
